
Microsoft Visual Studio Solution File, Format Version 12.00
# Visual Studio Version 16
VisualStudioVersion = 16.0.29009.5
MinimumVisualStudioVersion = 10.0.40219.1
Project("{FAE04EC0-301F-11D3-BF4B-00C04F79EFBC}") = "WebApplication", "WebApplication\WebApplication.csproj", "{BC00DEA9-10BB-4662-B319-DA3CE8587661}"
EndProject
Project("{FAE04EC0-301F-11D3-BF4B-00C04F79EFBC}") = "WebApplication.Infrastructure", "Infrastructure\WebApplication.Infrastructure.csproj", "{18BE13A8-728E-4301-A50F-4123EE270CF2}"
EndProject
Project("{FAE04EC0-301F-11D3-BF4B-00C04F79EFBC}") = "WebApplication.Core", "Core\WebApplication.Core.csproj", "{F42DAFA0-C84A-4DB6-ABFA-D9D97F648D5A}"
EndProject
Global
	GlobalSection(SolutionConfigurationPlatforms) = preSolution
		Debug|Any CPU = Debug|Any CPU
		Release|Any CPU = Release|Any CPU
	EndGlobalSection
	GlobalSection(ProjectConfigurationPlatforms) = postSolution
		{BC00DEA9-10BB-4662-B319-DA3CE8587661}.Debug|Any CPU.ActiveCfg = Debug|Any CPU
		{BC00DEA9-10BB-4662-B319-DA3CE8587661}.Debug|Any CPU.Build.0 = Debug|Any CPU
		{BC00DEA9-10BB-4662-B319-DA3CE8587661}.Release|Any CPU.ActiveCfg = Release|Any CPU
		{BC00DEA9-10BB-4662-B319-DA3CE8587661}.Release|Any CPU.Build.0 = Release|Any CPU
		{18BE13A8-728E-4301-A50F-4123EE270CF2}.Debug|Any CPU.ActiveCfg = Debug|Any CPU
		{18BE13A8-728E-4301-A50F-4123EE270CF2}.Debug|Any CPU.Build.0 = Debug|Any CPU
		{18BE13A8-728E-4301-A50F-4123EE270CF2}.Release|Any CPU.ActiveCfg = Release|Any CPU
		{18BE13A8-728E-4301-A50F-4123EE270CF2}.Release|Any CPU.Build.0 = Release|Any CPU
		{F42DAFA0-C84A-4DB6-ABFA-D9D97F648D5A}.Debug|Any CPU.ActiveCfg = Debug|Any CPU
		{F42DAFA0-C84A-4DB6-ABFA-D9D97F648D5A}.Debug|Any CPU.Build.0 = Debug|Any CPU
		{F42DAFA0-C84A-4DB6-ABFA-D9D97F648D5A}.Release|Any CPU.ActiveCfg = Release|Any CPU
		{F42DAFA0-C84A-4DB6-ABFA-D9D97F648D5A}.Release|Any CPU.Build.0 = Release|Any CPU
	EndGlobalSection
	GlobalSection(SolutionProperties) = preSolution
		HideSolutionNode = FALSE
	EndGlobalSection
	GlobalSection(ExtensibilityGlobals) = postSolution
		SolutionGuid = {1A24DA4B-A8C6-470A-89A0-B5B2CAD549FD}
	EndGlobalSection
EndGlobal
